
Microsoft Visual Studio Solution File, Format Version 12.00
# Visual Studio Version 17
VisualStudioVersion = 17.11.35431.28
MinimumVisualStudioVersion = 10.0.40219.1
Project("{9A19103F-16F7-4668-BE54-9A1E7A4F7556}") = "TeseBackEndClient", "TeseBackEndClient\TeseBackEndClient.csproj", "{DF8BBA19-1A8B-4B54-91C0-B76E07032FD0}"
EndProject
Project("{9A19103F-16F7-4668-BE54-9A1E7A4F7556}") = "TeseBackEndClient.Client", "TeseBackEndClient.Client\TeseBackEndClient.Client.csproj", "{08A878C7-F0E3-49A6-B6E8-48496F476EF1}"
EndProject
Project("{9A19103F-16F7-4668-BE54-9A1E7A4F7556}") = "TeseAPIs", "..\TeseAPIs\TeseAPIs.csproj", "{FF6F3C3D-FD31-401E-9353-5EE7D9429CD9}"
EndProject
Global
	GlobalSection(SolutionConfigurationPlatforms) = preSolution
		Debug|Any CPU = Debug|Any CPU
		Release|Any CPU = Release|Any CPU
	EndGlobalSection
	GlobalSection(ProjectConfigurationPlatforms) = postSolution
		{DF8BBA19-1A8B-4B54-91C0-B76E07032FD0}.Debug|Any CPU.ActiveCfg = Debug|Any CPU
		{DF8BBA19-1A8B-4B54-91C0-B76E07032FD0}.Debug|Any CPU.Build.0 = Debug|Any CPU
		{DF8BBA19-1A8B-4B54-91C0-B76E07032FD0}.Release|Any CPU.ActiveCfg = Release|Any CPU
		{DF8BBA19-1A8B-4B54-91C0-B76E07032FD0}.Release|Any CPU.Build.0 = Release|Any CPU
		{08A878C7-F0E3-49A6-B6E8-48496F476EF1}.Debug|Any CPU.ActiveCfg = Debug|Any CPU
		{08A878C7-F0E3-49A6-B6E8-48496F476EF1}.Debug|Any CPU.Build.0 = Debug|Any CPU
		{08A878C7-F0E3-49A6-B6E8-48496F476EF1}.Release|Any CPU.ActiveCfg = Release|Any CPU
		{08A878C7-F0E3-49A6-B6E8-48496F476EF1}.Release|Any CPU.Build.0 = Release|Any CPU
		{FF6F3C3D-FD31-401E-9353-5EE7D9429CD9}.Debug|Any CPU.ActiveCfg = Debug|Any CPU
		{FF6F3C3D-FD31-401E-9353-5EE7D9429CD9}.Debug|Any CPU.Build.0 = Debug|Any CPU
		{FF6F3C3D-FD31-401E-9353-5EE7D9429CD9}.Release|Any CPU.ActiveCfg = Release|Any CPU
		{FF6F3C3D-FD31-401E-9353-5EE7D9429CD9}.Release|Any CPU.Build.0 = Release|Any CPU
	EndGlobalSection
	GlobalSection(SolutionProperties) = preSolution
		HideSolutionNode = FALSE
	EndGlobalSection
	GlobalSection(ExtensibilityGlobals) = postSolution
		SolutionGuid = {83CFED61-7B6F-409E-8813-E6EF766912E5}
	EndGlobalSection
EndGlobal
