
Microsoft Visual Studio Solution File, Format Version 12.00
# Visual Studio Version 17
VisualStudioVersion = 17.11.35431.28
MinimumVisualStudioVersion = 10.0.40219.1
Project("{9A19103F-16F7-4668-BE54-9A1E7A4F7556}") = "TeseAPIs", "..\TeseAPIs\TeseAPIs.csproj", "{FF6F3C3D-FD31-401E-9353-5EE7D9429CD9}"
EndProject
Project("{9A19103F-16F7-4668-BE54-9A1E7A4F7556}") = "TeseBlazor", "TeseBlazor\TeseBlazor.csproj", "{729CFD57-C505-41C4-85CE-41B6DF6FCCE3}"
EndProject
Project("{9A19103F-16F7-4668-BE54-9A1E7A4F7556}") = "TeseBlazor.Client", "TeseBlazor.Client\TeseBlazor.Client.csproj", "{19F0B08A-0D2F-43E8-BF4C-57F7FE671DB0}"
EndProject
Global
	GlobalSection(SolutionConfigurationPlatforms) = preSolution
		Debug|Any CPU = Debug|Any CPU
		Release|Any CPU = Release|Any CPU
	EndGlobalSection
	GlobalSection(ProjectConfigurationPlatforms) = postSolution
		{FF6F3C3D-FD31-401E-9353-5EE7D9429CD9}.Debug|Any CPU.ActiveCfg = Debug|Any CPU
		{FF6F3C3D-FD31-401E-9353-5EE7D9429CD9}.Debug|Any CPU.Build.0 = Debug|Any CPU
		{FF6F3C3D-FD31-401E-9353-5EE7D9429CD9}.Release|Any CPU.ActiveCfg = Release|Any CPU
		{FF6F3C3D-FD31-401E-9353-5EE7D9429CD9}.Release|Any CPU.Build.0 = Release|Any CPU
		{729CFD57-C505-41C4-85CE-41B6DF6FCCE3}.Debug|Any CPU.ActiveCfg = Debug|Any CPU
		{729CFD57-C505-41C4-85CE-41B6DF6FCCE3}.Debug|Any CPU.Build.0 = Debug|Any CPU
		{729CFD57-C505-41C4-85CE-41B6DF6FCCE3}.Release|Any CPU.ActiveCfg = Release|Any CPU
		{729CFD57-C505-41C4-85CE-41B6DF6FCCE3}.Release|Any CPU.Build.0 = Release|Any CPU
		{19F0B08A-0D2F-43E8-BF4C-57F7FE671DB0}.Debug|Any CPU.ActiveCfg = Debug|Any CPU
		{19F0B08A-0D2F-43E8-BF4C-57F7FE671DB0}.Debug|Any CPU.Build.0 = Debug|Any CPU
		{19F0B08A-0D2F-43E8-BF4C-57F7FE671DB0}.Release|Any CPU.ActiveCfg = Release|Any CPU
		{19F0B08A-0D2F-43E8-BF4C-57F7FE671DB0}.Release|Any CPU.Build.0 = Release|Any CPU
	EndGlobalSection
	GlobalSection(SolutionProperties) = preSolution
		HideSolutionNode = FALSE
	EndGlobalSection
	GlobalSection(ExtensibilityGlobals) = postSolution
		SolutionGuid = {83CFED61-7B6F-409E-8813-E6EF766912E5}
	EndGlobalSection
EndGlobal
